
Microsoft Visual Studio Solution File, Format Version 12.00
# Visual Studio Version 16
VisualStudioVersion = 16.0.29306.81
MinimumVisualStudioVersion = 10.0.40219.1
Project("{FAE04EC0-301F-11D3-BF4B-00C04F79EFBC}") = "PrettyWeather.Android", "PrettyWeather\PrettyWeather.Android\PrettyWeather.Android.csproj", "{6641CFA3-5305-49F7-B39D-6495FB9EDA9A}"
EndProject
Project("{FAE04EC0-301F-11D3-BF4B-00C04F79EFBC}") = "PrettyWeather.iOS", "PrettyWeather\PrettyWeather.iOS\PrettyWeather.iOS.csproj", "{AEACAE92-8FE2-4E58-8394-93ABF8B0DC64}"
EndProject
Project("{9A19103F-16F7-4668-BE54-9A1E7A4F7556}") = "PrettyWeather", "PrettyWeather\PrettyWeather\PrettyWeather.csproj", "{4E4FEAE0-8558-41AB-89D2-8D2F2B3B96F7}"
EndProject
Project("{2150E333-8FDC-42A3-9474-1A3956D46DE8}") = "Solution Items", "Solution Items", "{2AFD45C7-271A-445D-B0E9-A495FCDF6590}"
	ProjectSection(SolutionItems) = preProject
		README.md = README.md
	EndProjectSection
EndProject
Project("{FAE04EC0-301F-11D3-BF4B-00C04F79EFBC}") = "PrettyWeather.UWP", "PrettyWeather\PrettyWeather.UWP\PrettyWeather.UWP.csproj", "{D64C16E8-EB47-4389-BC5F-2377588909EF}"
EndProject
Project("{9A19103F-16F7-4668-BE54-9A1E7A4F7556}") = "PrettyWeather.Wasm", "PrettyWeather\PrettyWeather.Wasm\PrettyWeather.Wasm.csproj", "{8EA19B6A-729B-44EA-B9C5-02A7CEE37914}"
EndProject
Project("{D954291E-2A0B-460D-934E-DC6B0785DB48}") = "PrettyWeather.Shared", "PrettyWeather\PrettyWeather.Shared\PrettyWeather.Shared.shproj", "{68380DC2-4B9D-4A4D-BFC6-6DB13D6F7773}"
EndProject
Global
	GlobalSection(SharedMSBuildProjectFiles) = preSolution
		PrettyWeather\PrettyWeather.Shared\PrettyWeather.Shared.projitems*{68380dc2-4b9d-4a4d-bfc6-6db13d6f7773}*SharedItemsImports = 13
		PrettyWeather\PrettyWeather.Shared\PrettyWeather.Shared.projitems*{d64c16e8-eb47-4389-bc5f-2377588909ef}*SharedItemsImports = 4
	EndGlobalSection
	GlobalSection(SolutionConfigurationPlatforms) = preSolution
		Debug|Any CPU = Debug|Any CPU
		Debug|ARM = Debug|ARM
		Debug|iPhone = Debug|iPhone
		Debug|iPhoneSimulator = Debug|iPhoneSimulator
		Debug|x64 = Debug|x64
		Debug|x86 = Debug|x86
		Release|Any CPU = Release|Any CPU
		Release|ARM = Release|ARM
		Release|iPhone = Release|iPhone
		Release|iPhoneSimulator = Release|iPhoneSimulator
		Release|x64 = Release|x64
		Release|x86 = Release|x86
	EndGlobalSection
	GlobalSection(ProjectConfigurationPlatforms) = postSolution
		{6641CFA3-5305-49F7-B39D-6495FB9EDA9A}.Debug|Any CPU.ActiveCfg = Debug|Any CPU
		{6641CFA3-5305-49F7-B39D-6495FB9EDA9A}.Debug|Any CPU.Build.0 = Debug|Any CPU
		{6641CFA3-5305-49F7-B39D-6495FB9EDA9A}.Debug|Any CPU.Deploy.0 = Debug|Any CPU
		{6641CFA3-5305-49F7-B39D-6495FB9EDA9A}.Debug|ARM.ActiveCfg = Debug|Any CPU
		{6641CFA3-5305-49F7-B39D-6495FB9EDA9A}.Debug|iPhone.ActiveCfg = Debug|Any CPU
		{6641CFA3-5305-49F7-B39D-6495FB9EDA9A}.Debug|iPhone.Build.0 = Debug|Any CPU
		{6641CFA3-5305-49F7-B39D-6495FB9EDA9A}.Debug|iPhone.Deploy.0 = Debug|Any CPU
		{6641CFA3-5305-49F7-B39D-6495FB9EDA9A}.Debug|iPhoneSimulator.ActiveCfg = Debug|Any CPU
		{6641CFA3-5305-49F7-B39D-6495FB9EDA9A}.Debug|iPhoneSimulator.Build.0 = Debug|Any CPU
		{6641CFA3-5305-49F7-B39D-6495FB9EDA9A}.Debug|iPhoneSimulator.Deploy.0 = Debug|Any CPU
		{6641CFA3-5305-49F7-B39D-6495FB9EDA9A}.Debug|x64.ActiveCfg = Debug|Any CPU
		{6641CFA3-5305-49F7-B39D-6495FB9EDA9A}.Debug|x86.ActiveCfg = Debug|Any CPU
		{6641CFA3-5305-49F7-B39D-6495FB9EDA9A}.Release|Any CPU.ActiveCfg = Release|Any CPU
		{6641CFA3-5305-49F7-B39D-6495FB9EDA9A}.Release|Any CPU.Build.0 = Release|Any CPU
		{6641CFA3-5305-49F7-B39D-6495FB9EDA9A}.Release|Any CPU.Deploy.0 = Release|Any CPU
		{6641CFA3-5305-49F7-B39D-6495FB9EDA9A}.Release|ARM.ActiveCfg = Release|Any CPU
		{6641CFA3-5305-49F7-B39D-6495FB9EDA9A}.Release|iPhone.ActiveCfg = Release|Any CPU
		{6641CFA3-5305-49F7-B39D-6495FB9EDA9A}.Release|iPhone.Build.0 = Release|Any CPU
		{6641CFA3-5305-49F7-B39D-6495FB9EDA9A}.Release|iPhone.Deploy.0 = Release|Any CPU
		{6641CFA3-5305-49F7-B39D-6495FB9EDA9A}.Release|iPhoneSimulator.ActiveCfg = Release|Any CPU
		{6641CFA3-5305-49F7-B39D-6495FB9EDA9A}.Release|iPhoneSimulator.Build.0 = Release|Any CPU
		{6641CFA3-5305-49F7-B39D-6495FB9EDA9A}.Release|iPhoneSimulator.Deploy.0 = Release|Any CPU
		{6641CFA3-5305-49F7-B39D-6495FB9EDA9A}.Release|x64.ActiveCfg = Release|Any CPU
		{6641CFA3-5305-49F7-B39D-6495FB9EDA9A}.Release|x86.ActiveCfg = Release|Any CPU
		{AEACAE92-8FE2-4E58-8394-93ABF8B0DC64}.Debug|Any CPU.ActiveCfg = Debug|iPhoneSimulator
		{AEACAE92-8FE2-4E58-8394-93ABF8B0DC64}.Debug|Any CPU.Build.0 = Debug|iPhoneSimulator
		{AEACAE92-8FE2-4E58-8394-93ABF8B0DC64}.Debug|Any CPU.Deploy.0 = Debug|iPhoneSimulator
		{AEACAE92-8FE2-4E58-8394-93ABF8B0DC64}.Debug|ARM.ActiveCfg = Debug|iPhone
		{AEACAE92-8FE2-4E58-8394-93ABF8B0DC64}.Debug|iPhone.ActiveCfg = Debug|iPhone
		{AEACAE92-8FE2-4E58-8394-93ABF8B0DC64}.Debug|iPhone.Build.0 = Debug|iPhone
		{AEACAE92-8FE2-4E58-8394-93ABF8B0DC64}.Debug|iPhone.Deploy.0 = Debug|iPhone
		{AEACAE92-8FE2-4E58-8394-93ABF8B0DC64}.Debug|iPhoneSimulator.ActiveCfg = Debug|iPhoneSimulator
		{AEACAE92-8FE2-4E58-8394-93ABF8B0DC64}.Debug|iPhoneSimulator.Build.0 = Debug|iPhoneSimulator
		{AEACAE92-8FE2-4E58-8394-93ABF8B0DC64}.Debug|iPhoneSimulator.Deploy.0 = Debug|iPhoneSimulator
		{AEACAE92-8FE2-4E58-8394-93ABF8B0DC64}.Debug|x64.ActiveCfg = Debug|iPhone
		{AEACAE92-8FE2-4E58-8394-93ABF8B0DC64}.Debug|x86.ActiveCfg = Debug|iPhone
		{AEACAE92-8FE2-4E58-8394-93ABF8B0DC64}.Release|Any CPU.ActiveCfg = Release|iPhone
		{AEACAE92-8FE2-4E58-8394-93ABF8B0DC64}.Release|Any CPU.Build.0 = Release|iPhone
		{AEACAE92-8FE2-4E58-8394-93ABF8B0DC64}.Release|Any CPU.Deploy.0 = Release|iPhone
		{AEACAE92-8FE2-4E58-8394-93ABF8B0DC64}.Release|ARM.ActiveCfg = Release|iPhoneSimulator
		{AEACAE92-8FE2-4E58-8394-93ABF8B0DC64}.Release|iPhone.ActiveCfg = Release|iPhone
		{AEACAE92-8FE2-4E58-8394-93ABF8B0DC64}.Release|iPhone.Build.0 = Release|iPhone
		{AEACAE92-8FE2-4E58-8394-93ABF8B0DC64}.Release|iPhone.Deploy.0 = Release|iPhone
		{AEACAE92-8FE2-4E58-8394-93ABF8B0DC64}.Release|iPhoneSimulator.ActiveCfg = Release|iPhoneSimulator
		{AEACAE92-8FE2-4E58-8394-93ABF8B0DC64}.Release|iPhoneSimulator.Build.0 = Release|iPhoneSimulator
		{AEACAE92-8FE2-4E58-8394-93ABF8B0DC64}.Release|iPhoneSimulator.Deploy.0 = Release|iPhoneSimulator
		{AEACAE92-8FE2-4E58-8394-93ABF8B0DC64}.Release|x64.ActiveCfg = Release|iPhoneSimulator
		{AEACAE92-8FE2-4E58-8394-93ABF8B0DC64}.Release|x86.ActiveCfg = Release|iPhoneSimulator
		{4E4FEAE0-8558-41AB-89D2-8D2F2B3B96F7}.Debug|Any CPU.ActiveCfg = Debug|Any CPU
		{4E4FEAE0-8558-41AB-89D2-8D2F2B3B96F7}.Debug|Any CPU.Build.0 = Debug|Any CPU
		{4E4FEAE0-8558-41AB-89D2-8D2F2B3B96F7}.Debug|Any CPU.Deploy.0 = Debug|Any CPU
		{4E4FEAE0-8558-41AB-89D2-8D2F2B3B96F7}.Debug|ARM.ActiveCfg = Debug|Any CPU
		{4E4FEAE0-8558-41AB-89D2-8D2F2B3B96F7}.Debug|ARM.Build.0 = Debug|Any CPU
		{4E4FEAE0-8558-41AB-89D2-8D2F2B3B96F7}.Debug|iPhone.ActiveCfg = Debug|Any CPU
		{4E4FEAE0-8558-41AB-89D2-8D2F2B3B96F7}.Debug|iPhone.Build.0 = Debug|Any CPU
		{4E4FEAE0-8558-41AB-89D2-8D2F2B3B96F7}.Debug|iPhone.Deploy.0 = Debug|Any CPU
		{4E4FEAE0-8558-41AB-89D2-8D2F2B3B96F7}.Debug|iPhoneSimulator.ActiveCfg = Debug|Any CPU
		{4E4FEAE0-8558-41AB-89D2-8D2F2B3B96F7}.Debug|iPhoneSimulator.Build.0 = Debug|Any CPU
		{4E4FEAE0-8558-41AB-89D2-8D2F2B3B96F7}.Debug|iPhoneSimulator.Deploy.0 = Debug|Any CPU
		{4E4FEAE0-8558-41AB-89D2-8D2F2B3B96F7}.Debug|x64.ActiveCfg = Debug|Any CPU
		{4E4FEAE0-8558-41AB-89D2-8D2F2B3B96F7}.Debug|x64.Build.0 = Debug|Any CPU
		{4E4FEAE0-8558-41AB-89D2-8D2F2B3B96F7}.Debug|x86.ActiveCfg = Debug|Any CPU
		{4E4FEAE0-8558-41AB-89D2-8D2F2B3B96F7}.Debug|x86.Build.0 = Debug|Any CPU
		{4E4FEAE0-8558-41AB-89D2-8D2F2B3B96F7}.Release|Any CPU.ActiveCfg = Release|Any CPU
		{4E4FEAE0-8558-41AB-89D2-8D2F2B3B96F7}.Release|Any CPU.Build.0 = Release|Any CPU
		{4E4FEAE0-8558-41AB-89D2-8D2F2B3B96F7}.Release|Any CPU.Deploy.0 = Release|Any CPU
		{4E4FEAE0-8558-41AB-89D2-8D2F2B3B96F7}.Release|ARM.ActiveCfg = Release|Any CPU
		{4E4FEAE0-8558-41AB-89D2-8D2F2B3B96F7}.Release|ARM.Build.0 = Release|Any CPU
		{4E4FEAE0-8558-41AB-89D2-8D2F2B3B96F7}.Release|iPhone.ActiveCfg = Release|Any CPU
		{4E4FEAE0-8558-41AB-89D2-8D2F2B3B96F7}.Release|iPhone.Build.0 = Release|Any CPU
		{4E4FEAE0-8558-41AB-89D2-8D2F2B3B96F7}.Release|iPhone.Deploy.0 = Release|Any CPU
		{4E4FEAE0-8558-41AB-89D2-8D2F2B3B96F7}.Release|iPhoneSimulator.ActiveCfg = Release|Any CPU
		{4E4FEAE0-8558-41AB-89D2-8D2F2B3B96F7}.Release|iPhoneSimulator.Build.0 = Release|Any CPU
		{4E4FEAE0-8558-41AB-89D2-8D2F2B3B96F7}.Release|iPhoneSimulator.Deploy.0 = Release|Any CPU
		{4E4FEAE0-8558-41AB-89D2-8D2F2B3B96F7}.Release|x64.ActiveCfg = Release|Any CPU
		{4E4FEAE0-8558-41AB-89D2-8D2F2B3B96F7}.Release|x64.Build.0 = Release|Any CPU
		{4E4FEAE0-8558-41AB-89D2-8D2F2B3B96F7}.Release|x86.ActiveCfg = Release|Any CPU
		{4E4FEAE0-8558-41AB-89D2-8D2F2B3B96F7}.Release|x86.Build.0 = Release|Any CPU
		{D64C16E8-EB47-4389-BC5F-2377588909EF}.Debug|Any CPU.ActiveCfg = Debug|x86
		{D64C16E8-EB47-4389-BC5F-2377588909EF}.Debug|ARM.ActiveCfg = Debug|ARM
		{D64C16E8-EB47-4389-BC5F-2377588909EF}.Debug|ARM.Build.0 = Debug|ARM
		{D64C16E8-EB47-4389-BC5F-2377588909EF}.Debug|ARM.Deploy.0 = Debug|ARM
		{D64C16E8-EB47-4389-BC5F-2377588909EF}.Debug|iPhone.ActiveCfg = Debug|x86
		{D64C16E8-EB47-4389-BC5F-2377588909EF}.Debug|iPhoneSimulator.ActiveCfg = Debug|x86
		{D64C16E8-EB47-4389-BC5F-2377588909EF}.Debug|x64.ActiveCfg = Debug|x64
		{D64C16E8-EB47-4389-BC5F-2377588909EF}.Debug|x64.Build.0 = Debug|x64
		{D64C16E8-EB47-4389-BC5F-2377588909EF}.Debug|x64.Deploy.0 = Debug|x64
		{D64C16E8-EB47-4389-BC5F-2377588909EF}.Debug|x86.ActiveCfg = Debug|x86
		{D64C16E8-EB47-4389-BC5F-2377588909EF}.Debug|x86.Build.0 = Debug|x86
		{D64C16E8-EB47-4389-BC5F-2377588909EF}.Debug|x86.Deploy.0 = Debug|x86
		{D64C16E8-EB47-4389-BC5F-2377588909EF}.Release|Any CPU.ActiveCfg = Release|x86
		{D64C16E8-EB47-4389-BC5F-2377588909EF}.Release|ARM.ActiveCfg = Release|ARM
		{D64C16E8-EB47-4389-BC5F-2377588909EF}.Release|ARM.Build.0 = Release|ARM
		{D64C16E8-EB47-4389-BC5F-2377588909EF}.Release|ARM.Deploy.0 = Release|ARM
		{D64C16E8-EB47-4389-BC5F-2377588909EF}.Release|iPhone.ActiveCfg = Release|x86
		{D64C16E8-EB47-4389-BC5F-2377588909EF}.Release|iPhoneSimulator.ActiveCfg = Release|x86
		{D64C16E8-EB47-4389-BC5F-2377588909EF}.Release|x64.ActiveCfg = Release|x64
		{D64C16E8-EB47-4389-BC5F-2377588909EF}.Release|x64.Build.0 = Release|x64
		{D64C16E8-EB47-4389-BC5F-2377588909EF}.Release|x64.Deploy.0 = Release|x64
		{D64C16E8-EB47-4389-BC5F-2377588909EF}.Release|x86.ActiveCfg = Release|x86
		{D64C16E8-EB47-4389-BC5F-2377588909EF}.Release|x86.Build.0 = Release|x86
		{D64C16E8-EB47-4389-BC5F-2377588909EF}.Release|x86.Deploy.0 = Release|x86
		{8EA19B6A-729B-44EA-B9C5-02A7CEE37914}.Debug|Any CPU.ActiveCfg = Debug|Any CPU
		{8EA19B6A-729B-44EA-B9C5-02A7CEE37914}.Debug|Any CPU.Build.0 = Debug|Any CPU
		{8EA19B6A-729B-44EA-B9C5-02A7CEE37914}.Debug|ARM.ActiveCfg = Debug|Any CPU
		{8EA19B6A-729B-44EA-B9C5-02A7CEE37914}.Debug|ARM.Build.0 = Debug|Any CPU
		{8EA19B6A-729B-44EA-B9C5-02A7CEE37914}.Debug|iPhone.ActiveCfg = Debug|Any CPU
		{8EA19B6A-729B-44EA-B9C5-02A7CEE37914}.Debug|iPhone.Build.0 = Debug|Any CPU
		{8EA19B6A-729B-44EA-B9C5-02A7CEE37914}.Debug|iPhoneSimulator.ActiveCfg = Debug|Any CPU
		{8EA19B6A-729B-44EA-B9C5-02A7CEE37914}.Debug|iPhoneSimulator.Build.0 = Debug|Any CPU
		{8EA19B6A-729B-44EA-B9C5-02A7CEE37914}.Debug|x64.ActiveCfg = Debug|Any CPU
		{8EA19B6A-729B-44EA-B9C5-02A7CEE37914}.Debug|x64.Build.0 = Debug|Any CPU
		{8EA19B6A-729B-44EA-B9C5-02A7CEE37914}.Debug|x86.ActiveCfg = Debug|Any CPU
		{8EA19B6A-729B-44EA-B9C5-02A7CEE37914}.Debug|x86.Build.0 = Debug|Any CPU
		{8EA19B6A-729B-44EA-B9C5-02A7CEE37914}.Release|Any CPU.ActiveCfg = Release|Any CPU
		{8EA19B6A-729B-44EA-B9C5-02A7CEE37914}.Release|Any CPU.Build.0 = Release|Any CPU
		{8EA19B6A-729B-44EA-B9C5-02A7CEE37914}.Release|ARM.ActiveCfg = Release|Any CPU
		{8EA19B6A-729B-44EA-B9C5-02A7CEE37914}.Release|ARM.Build.0 = Release|Any CPU
		{8EA19B6A-729B-44EA-B9C5-02A7CEE37914}.Release|iPhone.ActiveCfg = Release|Any CPU
		{8EA19B6A-729B-44EA-B9C5-02A7CEE37914}.Release|iPhone.Build.0 = Release|Any CPU
		{8EA19B6A-729B-44EA-B9C5-02A7CEE37914}.Release|iPhoneSimulator.ActiveCfg = Release|Any CPU
		{8EA19B6A-729B-44EA-B9C5-02A7CEE37914}.Release|iPhoneSimulator.Build.0 = Release|Any CPU
		{8EA19B6A-729B-44EA-B9C5-02A7CEE37914}.Release|x64.ActiveCfg = Release|Any CPU
		{8EA19B6A-729B-44EA-B9C5-02A7CEE37914}.Release|x64.Build.0 = Release|Any CPU
		{8EA19B6A-729B-44EA-B9C5-02A7CEE37914}.Release|x86.ActiveCfg = Release|Any CPU
		{8EA19B6A-729B-44EA-B9C5-02A7CEE37914}.Release|x86.Build.0 = Release|Any CPU
	EndGlobalSection
	GlobalSection(SolutionProperties) = preSolution
		HideSolutionNode = FALSE
	EndGlobalSection
	GlobalSection(ExtensibilityGlobals) = postSolution
		SolutionGuid = {23636AC3-6644-4DDD-B33F-F2EBE48777D5}
	EndGlobalSection
EndGlobal
